{
    "requires": true,
    "lockfileVersion": 1,
    "dependencies": {
        "vue": {
            "version": "2.6.12",
            "resolved": "https://registry.npmjs.org/vue/-/vue-2.6.12.tgz",
            "integrity": "sha512-uhmLFETqPPNyuLLbsKz6ioJ4q7AZHzD8ZVFNATNyICSZouqP2Sz0rotWQC8UNBF6VGSCs5abnKJoStA6JbCbfg==",
            "dev": true
        },
        "vue-i18n": {
            "version": "8.22.2",
            "resolved": "https://registry.npmjs.org/vue-i18n/-/vue-i18n-8.22.2.tgz",
            "integrity": "sha512-rb569fVJInPUgS/bbCxEQ9DrAoFTntuJvYoK4Fpk2VfNbA09WzdTKk57ppjz3S+ps9hW+p9H+2ASgMvojedkow==",
            "dev": true
        },
        "vue-router": {
            "version": "3.4.9",
            "resolved": "https://registry.npmjs.org/vue-router/-/vue-router-3.4.9.tgz",
            "integrity": "sha512-CGAKWN44RqXW06oC+u4mPgHLQQi2t6vLD/JbGRDAXm0YpMv0bgpKuU5bBd7AvMgfTz9kXVRIWKHqRwGEb8xFkA==",
            "dev": true
        },
        "vuex": {
            "version": "3.6.0",
            "resolved": "https://registry.npmjs.org/vuex/-/vuex-3.6.0.tgz",
            "integrity": "sha512-W74OO2vCJPs9/YjNjW8lLbj+jzT24waTo2KShI8jLvJW8OaIkgb3wuAMA7D+ZiUxDOx3ubwSZTaJBip9G8a3aQ==",
            "dev": true
        }
    }
}
